{
  "name": "api",
  "version": "1.0.0",
  "lockfileVersion": 1,
  "requires": true,
  "dependencies": {
    "date-fns": {
      "version": "2.13.0",
      "resolved": "https://registry.npmjs.org/date-fns/-/date-fns-2.13.0.tgz",
      "integrity": "sha512-xm0c61mevGF7f0XpCGtDTGpzEFC/1fpLXHbmFpxZZQJuvByIK2ozm6cSYuU+nxFYOPh2EuCfzUwlTEFwKG+h5w=="
    },
    "drive-db": {
      "version": "6.0.0",
      "resolved": "https://registry.npmjs.org/drive-db/-/drive-db-6.0.0.tgz",
      "integrity": "sha512-DkMtcLcL0O4FCYMLgecXoeNwRKLprCS5dgD2FkXPylt/EakbzPoMoDJSO3qGuN9MqUN22mdF67YOKfcLtZrHLQ=="
    },
    "immer": {
      "version": "6.0.5",
      "resolved": "https://registry.npmjs.org/immer/-/immer-6.0.5.tgz",
      "integrity": "sha512-Q2wd90qrgFieIpLzAO2q9NLEdmyp/sr76Ml4Vm5peUKgyTa2CQa3ey8zuzwSKOlKH7grCeGBGUcLLVCVW1aguA=="
    },
    "moment": {
      "version": "2.24.0",
      "resolved": "https://registry.npmjs.org/moment/-/moment-2.24.0.tgz",
      "integrity": "sha512-bV7f+6l2QigeBBZSM/6yTNq4P2fNpSWj/0e7jQcy87A8e7o2nAfP/34/2ky5Vw4B9S446EtIhodAzkFCcR4dQg=="
    },
    "moment-timezone": {
      "version": "0.5.28",
      "resolved": "https://registry.npmjs.org/moment-timezone/-/moment-timezone-0.5.28.tgz",
      "integrity": "sha512-TDJkZvAyKIVWg5EtVqRzU97w0Rb0YVbfpqyjgu6GwXCAohVRqwZjf4fOzDE6p1Ch98Sro/8hQQi65WDXW5STPw==",
      "requires": {
        "moment": ">= 2.9.0"
      }
    },
    "node-fetch": {
      "version": "2.6.0",
      "resolved": "https://registry.npmjs.org/node-fetch/-/node-fetch-2.6.0.tgz",
      "integrity": "sha512-8dG4H5ujfvFiqDmVu9fQ5bOHUC15JMjMY/Zumv26oOvvVJjM67KF8koCWIabKQ1GJIa9r2mMZscBq/TbdOcmNA=="
    }
  }
}
